{
  "name": "server",
  "lockfileVersion": 3,
  "requires": true,
  "packages": {
    "": {
      "name": "server",
      "dependencies": {
        "@nestjs/common": "^10.4",
        "@nestjs/config": "^4.0.4",
        "@nestjs/core": "^10.4",
        "@nestjs/jwt": "^10.2",
        "@nestjs/mapped-types": "^2.1.1",
        "@nestjs/passport": "^10.0",
        "@nestjs/platform-express": "^10.4",
        "@nestjs/typeorm": "^10.0",
        "bcryptjs": "^2.4",
        "class-transformer": "^0.5",
        "class-validator": "^0.14",
        "mysql2": "^3.11",
        "passport": "^0.7",
        "passport-jwt": "^4.0",
        "reflect-metadata": "^0.2",
        "rxjs": "^7.8",
        "typeorm": "^0.3",
        "xlsx": "^0.18.5"
      },
      "devDependencies": {
        "@nestjs/cli": "^10.4",
        "@nestjs/schematics": "^10.1",
        "@types/bcryptjs": "^2.4",
        "@types/express": "^4.17",
        "@types/multer": "^2.1.0",
        "@types/node": "^20.14",
        "@types/passport-jwt": "^4.0",
        "ts-node": "^10.9",
        "typescript": "^5.4"
      }
    },
    "../node_modules/.pnpm/@nestjs+cli@10.4.9/node_modules/@nestjs/cli": {
      "version": "10.4.9",
      "dev": true,
      "license": "MIT",
      "dependencies": {
        "@angular-devkit/core": "17.3.11",
        "@angular-devkit/schematics": "17.3.11",
        "@angular-devkit/schematics-cli": "17.3.11",
        "@nestjs/schematics": "^10.0.1",
        "chalk": "4.1.2",
        "chokidar": "3.6.0",
        "cli-table3": "0.6.5",
        "commander": "4.1.1",
        "fork-ts-checker-webpack-plugin": "9.0.2",
        "glob": "10.4.5",
        "inquirer": "8.2.6",
        "node-emoji": "1.11.0",
        "ora": "5.4.1",
        "tree-kill": "1.2.2",
        "tsconfig-paths": "4.2.0",
        "tsconfig-paths-webpack-plugin": "4.2.0",
        "typescript": "5.7.2",
        "webpack": "5.97.1",
        "webpack-node-externals": "3.0.0"
      },
      "bin": {
        "nest": "bin/nest.js"
      },
      "devDependencies": {
        "@commitlint/cli": "19.6.0",
        "@commitlint/config-angular": "19.6.0",
        "@swc/cli": "0.5.2",
        "@swc/core": "1.10.1",
        "@types/inquirer": "9.0.7",
        "@types/jest": "29.5.14",
        "@types/node": "22.10.1",
        "@types/node-emoji": "1.8.2",
        "@types/webpack-node-externals": "3.0.4",
        "@typescript-eslint/eslint-plugin": "8.17.0",
        "@typescript-eslint/parser": "8.17.0",
        "delete-empty": "3.0.0",
        "eslint": "9.16.0",
        "eslint-config-prettier": "9.1.0",
        "gulp": "5.0.0",
        "gulp-clean": "0.4.0",
        "husky": "9.1.7",
        "jest": "29.7.0",
        "lint-staged": "15.2.10",
        "prettier": "3.4.2",
        "release-it": "17.10.0",
        "ts-jest": "29.2.5",
        "ts-loader": "9.5.1",
        "ts-node": "10.9.2"
      },
      "engines": {
        "node": ">= 16.14"
      },
      "peerDependencies": {
        "@swc/cli": "^0.1.62 || ^0.3.0 || ^0.4.0 || ^0.5.0",
        "@swc/core": "^1.3.62"
      },
      "peerDependenciesMeta": {
        "@swc/cli": {
          "optional": true
        },
        "@swc/core": {
          "optional": true
        }
      }
    },
    "../node_modules/.pnpm/@nestjs+common@10.4.22_clas_c8872b1a5dce14d4b2b176f4857d0d0c/node_modules/@nestjs/common": {
      "version": "10.4.22",
      "license": "MIT",
      "dependencies": {
        "file-type": "20.4.1",
        "iterare": "1.2.1",
        "tslib": "2.8.1",
        "uid": "2.0.2"
      },
      "funding": {
        "type": "opencollective",
        "url": "https://opencollective.com/nest"
      },
      "peerDependencies": {
        "class-transformer": "*",
        "class-validator": "*",
        "reflect-metadata": "^0.1.12 || ^0.2.0",
        "rxjs": "^7.1.0"
      },
      "peerDependenciesMeta": {
        "class-transformer": {
          "optional": true
        },
        "class-validator": {
          "optional": true
        }
      }
    },
    "../node_modules/.pnpm/@nestjs+core@10.4.22_@nestj_558ae3c7cf983d845eb445c3b6d17e96/node_modules/@nestjs/core": {
      "version": "10.4.22",
      "hasInstallScript": true,
      "license": "MIT",
      "dependencies": {
        "@nuxtjs/opencollective": "0.3.2",
        "fast-safe-stringify": "2.1.1",
        "iterare": "1.2.1",
        "path-to-regexp": "3.3.0",
        "tslib": "2.8.1",
        "uid": "2.0.2"
      },
      "devDependencies": {
        "@nestjs/common": "^10.4.22"
      },
      "funding": {
        "type": "opencollective",
        "url": "https://opencollective.com/nest"
      },
      "peerDependencies": {
        "@nestjs/common": "^10.0.0",
        "@nestjs/microservices": "^10.0.0",
        "@nestjs/platform-express": "^10.0.0",
        "@nestjs/websockets": "^10.0.0",
        "reflect-metadata": "^0.1.12 || ^0.2.0",
        "rxjs": "^7.1.0"
      },
      "peerDependenciesMeta": {
        "@nestjs/microservices": {
          "optional": true
        },
        "@nestjs/platform-express": {
          "optional": true
        },
        "@nestjs/websockets": {
          "optional": true
        }
      }
    },
    "../node_modules/.pnpm/@nestjs+jwt@10.2.0_@nestjs+_8abe00d1b56ede2146ba602481db9f87/node_modules/@nestjs/jwt": {
      "version": "10.2.0",
      "license": "MIT",
      "dependencies": {
        "@types/jsonwebtoken": "9.0.5",
        "jsonwebtoken": "9.0.2"
      },
      "devDependencies": {
        "@commitlint/cli": "18.2.0",
        "@commitlint/config-angular": "18.1.0",
        "@nestjs/common": "10.2.8",
        "@nestjs/core": "10.2.8",
        "@nestjs/testing": "10.2.8",
        "@types/jest": "29.5.8",
        "@types/node": "20.9.0",
        "@typescript-eslint/eslint-plugin": "6.10.0",
        "@typescript-eslint/parser": "6.10.0",
        "eslint": "8.53.0",
        "eslint-config-prettier": "9.0.0",
        "eslint-plugin-import": "2.29.0",
        "husky": "8.0.3",
        "jest": "29.7.0",
        "lint-staged": "15.0.2",
        "prettier": "3.0.3",
        "reflect-metadata": "0.1.13",
        "release-it": "16.2.1",
        "rxjs": "7.8.1",
        "ts-jest": "29.1.1",
        "typescript": "5.2.2"
      },
      "peerDependencies": {
        "@nestjs/common": "^8.0.0 || ^9.0.0 || ^10.0.0"
      }
    },
    "../node_modules/.pnpm/@nestjs+passport@10.0.3_@ne_065c9ed2201c8c1f9dc8ddcfbf04f6d1/node_modules/@nestjs/passport": {
      "version": "10.0.3",
      "license": "MIT",
      "devDependencies": {
        "@commitlint/cli": "18.4.3",
        "@commitlint/config-angular": "18.4.3",
        "@nestjs/common": "10.2.10",
        "@nestjs/core": "10.2.10",
        "@nestjs/jwt": "10.2.0",
        "@nestjs/platform-express": "10.2.10",
        "@nestjs/testing": "10.2.10",
        "@types/jest": "29.5.10",
        "@types/node": "20.10.3",
        "@types/passport": "1.0.16",
        "@types/passport-jwt": "3.0.13",
        "@types/passport-local": "1.0.38",
        "@typescript-eslint/eslint-plugin": "6.13.1",
        "@typescript-eslint/parser": "6.13.1",
        "eslint": "8.55.0",
        "eslint-config-prettier": "9.1.0",
        "eslint-plugin-import": "2.29.0",
        "husky": "8.0.3",
        "jest": "29.7.0",
        "lint-staged": "15.2.0",
        "pactum": "3.5.1",
        "passport": "0.7.0",
        "passport-jwt": "4.0.1",
        "passport-local": "1.0.0",
        "prettier": "3.1.0",
        "reflect-metadata": "0.1.13",
        "release-it": "17.0.0",
        "rimraf": "5.0.5",
        "rxjs": "7.8.1",
        "ts-jest": "29.1.1",
        "typescript": "5.3.2"
      },
      "peerDependencies": {
        "@nestjs/common": "^8.0.0 || ^9.0.0 || ^10.0.0",
        "passport": "^0.4.0 || ^0.5.0 || ^0.6.0 || ^0.7.0"
      }
    },
    "../node_modules/.pnpm/@nestjs+platform-express@10_795a7c87fa3e5cd6ba081ef20e3755d8/node_modules/@nestjs/platform-express": {
      "version": "10.4.22",
      "license": "MIT",
      "dependencies": {
        "body-parser": "1.20.4",
        "cors": "2.8.5",
        "express": "4.22.1",
        "multer": "2.0.2",
        "tslib": "2.8.1"
      },
      "devDependencies": {
        "@nestjs/common": "^10.4.22",
        "@nestjs/core": "^10.4.22"
      },
      "funding": {
        "type": "opencollective",
        "url": "https://opencollective.com/nest"
      },
      "peerDependencies": {
        "@nestjs/common": "^10.0.0",
        "@nestjs/core": "^10.0.0"
      }
    },
    "../node_modules/.pnpm/@nestjs+schematics@10.2.3_chokidar@3.6.0_typescript@5.9.3/node_modules/@nestjs/schematics": {
      "version": "10.2.3",
      "dev": true,
      "license": "MIT",
      "dependencies": {
        "@angular-devkit/core": "17.3.11",
        "@angular-devkit/schematics": "17.3.11",
        "comment-json": "4.2.5",
        "jsonc-parser": "3.3.1",
        "pluralize": "8.0.0"
      },
      "devDependencies": {
        "@commitlint/cli": "19.5.0",
        "@commitlint/config-angular": "19.5.0",
        "@types/jest": "29.5.14",
        "@types/node": "20.17.1",
        "@typescript-eslint/eslint-plugin": "8.11.0",
        "@typescript-eslint/parser": "8.11.0",
        "cpx2": "8.0.0",
        "eslint": "9.13.0",
        "eslint-config-prettier": "9.1.0",
        "eslint-plugin-import": "2.31.0",
        "gulp": "5.0.0",
        "gulp-clean": "0.4.0",
        "husky": "9.1.6",
        "jest": "29.7.0",
        "nyc": "17.1.0",
        "release-it": "17.10.0",
        "ts-jest": "29.2.5",
        "ts-node": "10.9.2",
        "typescript": "5.6.3"
      },
      "peerDependencies": {
        "typescript": ">=4.8.2"
      }
    },
    "../node_modules/.pnpm/@nestjs+typeorm@10.0.2_@nes_23150bd345b4b164db573af8e072c796/node_modules/@nestjs/typeorm": {
      "version": "10.0.2",
      "license": "MIT",
      "dependencies": {
        "uuid": "9.0.1"
      },
      "devDependencies": {
        "@commitlint/cli": "18.6.0",
        "@commitlint/config-angular": "18.6.0",
        "@nestjs/common": "10.3.2",
        "@nestjs/core": "10.3.2",
        "@nestjs/platform-express": "10.3.2",
        "@nestjs/testing": "10.3.2",
        "@types/jest": "29.5.12",
        "@types/node": "20.11.16",
        "@types/supertest": "6.0.2",
        "@types/uuid": "9.0.8",
        "@typescript-eslint/eslint-plugin": "6.21.0",
        "@typescript-eslint/parser": "6.21.0",
        "eslint": "8.56.0",
        "eslint-config-prettier": "9.1.0",
        "eslint-plugin-import": "2.29.1",
        "husky": "9.0.10",
        "jest": "29.7.0",
        "lint-staged": "15.2.2",
        "mysql": "2.18.1",
        "pg": "8.11.3",
        "prettier": "3.2.5",
        "reflect-metadata": "0.2.1",
        "release-it": "17.0.3",
        "rxjs": "7.8.1",
        "supertest": "6.3.4",
        "ts-jest": "29.1.2",
        "typeorm": "0.3.20",
        "typescript": "5.3.3"
      },
      "peerDependencies": {
        "@nestjs/common": "^8.0.0 || ^9.0.0 || ^10.0.0",
        "@nestjs/core": "^8.0.0 || ^9.0.0 || ^10.0.0",
        "reflect-metadata": "^0.1.13 || ^0.2.0",
        "rxjs": "^7.2.0",
        "typeorm": "^0.3.0"
      }
    },
    "../node_modules/.pnpm/@types+bcrypt@5.0.2/node_modules/@types/bcrypt": {
      "version": "5.0.2",
      "extraneous": true,
      "license": "MIT",
      "dependencies": {
        "@types/node": "*"
      }
    },
    "../node_modules/.pnpm/@types+bcryptjs@2.4.6/node_modules/@types/bcryptjs": {
      "version": "2.4.6",
      "dev": true,
      "license": "MIT"
    },
    "../node_modules/.pnpm/@types+express@4.17.25/node_modules/@types/express": {
      "version": "4.17.25",
      "dev": true,
      "license": "MIT",
      "dependencies": {
        "@types/body-parser": "*",
        "@types/express-serve-static-core": "^4.17.33",
        "@types/qs": "*",
        "@types/serve-static": "^1"
      }
    },
    "../node_modules/.pnpm/@types+multer@2.1.0/node_modules/@types/multer": {
      "version": "2.1.0",
      "dev": true,
      "license": "MIT",
      "dependencies": {
        "@types/express": "*"
      }
    },
    "../node_modules/.pnpm/@types+node@20.19.40/node_modules/@types/node": {
      "version": "20.19.40",
      "dev": true,
      "license": "MIT",
      "dependencies": {
        "undici-types": "~6.21.0"
      }
    },
    "../node_modules/.pnpm/@types+passport-jwt@4.0.1/node_modules/@types/passport-jwt": {
      "version": "4.0.1",
      "dev": true,
      "license": "MIT",
      "dependencies": {
        "@types/jsonwebtoken": "*",
        "@types/passport-strategy": "*"
      }
    },
    "../node_modules/.pnpm/bcrypt@5.1.1/node_modules/bcrypt": {
      "version": "5.1.1",
      "extraneous": true,
      "hasInstallScript": true,
      "license": "MIT",
      "dependencies": {
        "@mapbox/node-pre-gyp": "^1.0.11",
        "node-addon-api": "^5.0.0"
      },
      "devDependencies": {
        "jest": "^29.6.2"
      },
      "engines": {
        "node": ">= 10.0.0"
      }
    },
    "../node_modules/.pnpm/bcryptjs@2.4.3/node_modules/bcryptjs": {
      "version": "2.4.3",
      "license": "MIT",
      "devDependencies": {
        "bcrypt": "latest",
        "closurecompiler": "~1",
        "metascript": "~0.18",
        "testjs": "~1",
        "utfx": "~1"
      }
    },
    "../node_modules/.pnpm/class-transformer@0.5.1/node_modules/class-transformer": {
      "version": "0.5.1",
      "license": "MIT"
    },
    "../node_modules/.pnpm/class-validator@0.14.4/node_modules/class-validator": {
      "version": "0.14.4",
      "license": "MIT",
      "dependencies": {
        "@types/validator": "^13.15.3",
        "libphonenumber-js": "^1.11.1",
        "validator": "^13.15.22"
      }
    },
    "../node_modules/.pnpm/mysql2@3.22.3_@types+node@20.19.40/node_modules/mysql2": {
      "version": "3.22.3",
      "license": "MIT",
      "dependencies": {
        "aws-ssl-profiles": "^1.1.2",
        "denque": "^2.1.0",
        "generate-function": "^2.3.1",
        "iconv-lite": "^0.7.2",
        "long": "^5.3.2",
        "lru.min": "^1.1.4",
        "named-placeholders": "^1.1.6",
        "sql-escaper": "^1.3.3"
      },
      "devDependencies": {
        "@eslint/eslintrc": "^3.3.3",
        "@eslint/js": "^9.39.2",
        "@eslint/markdown": "^8.0.1",
        "@ianvs/prettier-plugin-sort-imports": "^4.7.1",
        "@pokujs/multi-suite": "^1.0.0",
        "@rollup/plugin-commonjs": "^29.0.2",
        "@rollup/plugin-json": "^6.1.0",
        "@rollup/plugin-node-resolve": "^16.0.3",
        "@types/node": "^25.3.0",
        "@typescript-eslint/eslint-plugin": "^8.56.0",
        "@typescript-eslint/parser": "^8.56.0",
        "assert-diff": "^3.0.4",
        "benchmark": "^2.1.4",
        "c8": "^11.0.0",
        "error-stack-parser": "^2.1.4",
        "eslint-config-prettier": "^10.1.8",
        "eslint-plugin-async-await": "^0.0.0",
        "eslint-plugin-prettier": "^5.5.5",
        "globals": "^17.3.0",
        "poku": "^4.1.0",
        "portfinder": "^1.0.38",
        "prettier": "^3.8.1",
        "rollup": "^4.59.0",
        "tsx": "^4.21.0",
        "typescript": "^5.9.3"
      },
      "engines": {
        "node": ">= 8.0"
      },
      "peerDependencies": {
        "@types/node": ">= 8"
      }
    },
    "../node_modules/.pnpm/passport-jwt@4.0.1/node_modules/passport-jwt": {
      "version": "4.0.1",
      "license": "MIT",
      "dependencies": {
        "jsonwebtoken": "^9.0.0",
        "passport-strategy": "^1.0.0"
      },
      "devDependencies": {
        "chai": "^3.0.0",
        "chai-passport-strategy": "^1.0.0",
        "mocha": "^9.2.1",
        "nyc": "^15.1.0",
        "sinon": "^1.0.0"
      }
    },
    "../node_modules/.pnpm/passport@0.7.0/node_modules/passport": {
      "version": "0.7.0",
      "license": "MIT",
      "dependencies": {
        "passport-strategy": "1.x.x",
        "pause": "0.0.1",
        "utils-merge": "^1.0.1"
      },
      "devDependencies": {
        "chai": "2.x.x",
        "chai-connect-middleware": "0.3.x",
        "chai-passport-strategy": "0.2.x",
        "make-node": "0.3.x",
        "mocha": "2.x.x",
        "proxyquire": "1.4.x"
      },
      "engines": {
        "node": ">= 0.4.0"
      },
      "funding": {
        "type": "github",
        "url": "https://github.com/sponsors/jaredhanson"
      }
    },
    "../node_modules/.pnpm/reflect-metadata@0.2.2/node_modules/reflect-metadata": {
      "version": "0.2.2",
      "license": "Apache-2.0",
      "devDependencies": {
        "@types/chai": "^3.4.34",
        "@types/mocha": "^2.2.34",
        "@types/node": "^10.17.60",
        "chai": "^3.5.0",
        "del": "^2.2.2",
        "ecmarkup": "^3.9.3",
        "gulp": "^3.9.1",
        "gulp-emu": "^1.1.0",
        "gulp-live-server": "0.0.30",
        "gulp-mocha": "^3.0.1",
        "gulp-rename": "^1.2.2",
        "gulp-sequence": "^0.4.6",
        "gulp-tsb": "^2.0.3",
        "mocha": "^3.2.0",
        "typescript": "^2.1.4"
      }
    },
    "../node_modules/.pnpm/rxjs@7.8.2/node_modules/rxjs": {
      "version": "7.8.2",
      "license": "Apache-2.0",
      "dependencies": {
        "tslib": "^2.1.0"
      },
      "devDependencies": {
        "@angular-devkit/build-optimizer": "0.4.6",
        "@angular-devkit/schematics": "^11.0.7",
        "@swc/core": "^1.2.128",
        "@swc/helpers": "^0.3.2",
        "@types/chai": "^4.2.11",
        "@types/lodash": "4.14.102",
        "@types/mocha": "^7.0.2",
        "@types/node": "^14.14.6",
        "@types/shelljs": "^0.8.8",
        "@types/sinon": "4.1.3",
        "@types/sinon-chai": "2.7.29",
        "@types/source-map": "^0.5.2",
        "@typescript-eslint/eslint-plugin": "^4.29.1",
        "@typescript-eslint/parser": "^4.29.1",
        "babel-polyfill": "6.26.0",
        "chai": "^4.2.0",
        "check-side-effects": "0.0.23",
        "color": "3.0.0",
        "colors": "1.1.2",
        "cross-env": "5.1.3",
        "cz-conventional-changelog": "1.2.0",
        "dependency-cruiser": "^9.12.0",
        "escape-string-regexp": "1.0.5",
        "eslint": "^7.8.1",
        "eslint-plugin-jasmine": "^2.10.1",
        "form-data": "^3.0.0",
        "fs-extra": "^8.1.0",
        "glob": "7.1.2",
        "google-closure-compiler-js": "20170218.0.0",
        "husky": "^4.2.5",
        "klaw-sync": "3.0.2",
        "lint-staged": "^10.2.11",
        "lodash": "^4.17.15",
        "minimist": "^1.2.5",
        "mocha": "^8.1.3",
        "nodemon": "^1.9.2",
        "npm-run-all": "4.1.2",
        "opn-cli": "3.1.0",
        "platform": "1.3.5",
        "prettier": "^2.5.1",
        "promise": "8.0.1",
        "rollup": "0.66.6",
        "rollup-plugin-alias": "1.4.0",
        "rollup-plugin-inject": "2.0.0",
        "rollup-plugin-node-resolve": "2.0.0",
        "shelljs": "^0.8.4",
        "shx": "^0.3.2",
        "sinon": "4.3.0",
        "sinon-chai": "2.14.0",
        "source-map-support": "0.5.3",
        "systemjs": "^0.21.0",
        "ts-node": "^9.1.1",
        "tslint": "^5.20.1",
        "tslint-config-prettier": "^1.18.0",
        "tslint-etc": "1.13.10",
        "tslint-no-toplevel-property-access": "0.0.2",
        "tslint-no-unused-expression-chai": "0.0.3",
        "typescript": "~4.2.0",
        "validate-commit-msg": "2.14.0",
        "web-streams-polyfill": "^3.0.2",
        "webpack": "^4.31.0"
      }
    },
    "../node_modules/.pnpm/ts-node@10.9.2_@types+node@20.19.40_typescript@5.9.3/node_modules/ts-node": {
      "version": "10.9.2",
      "dev": true,
      "license": "MIT",
      "dependencies": {
        "@cspotcode/source-map-support": "^0.8.0",
        "@tsconfig/node10": "^1.0.7",
        "@tsconfig/node12": "^1.0.7",
        "@tsconfig/node14": "^1.0.0",
        "@tsconfig/node16": "^1.0.2",
        "acorn": "^8.4.1",
        "acorn-walk": "^8.1.1",
        "arg": "^4.1.0",
        "create-require": "^1.1.0",
        "diff": "^4.0.1",
        "make-error": "^1.1.1",
        "v8-compile-cache-lib": "^3.0.1",
        "yn": "3.1.1"
      },
      "bin": {
        "ts-node": "dist/bin.js",
        "ts-node-cwd": "dist/bin-cwd.js",
        "ts-node-esm": "dist/bin-esm.js",
        "ts-node-script": "dist/bin-script.js",
        "ts-node-transpile-only": "dist/bin-transpile.js",
        "ts-script": "dist/bin-script-deprecated.js"
      },
      "devDependencies": {
        "@microsoft/api-extractor": "^7.19.4",
        "@swc/core": "^1.3.100",
        "@swc/wasm": "^1.3.100",
        "@types/diff": "^4.0.2",
        "@types/lodash": "^4.14.151",
        "@types/node": "13.13.5",
        "@types/proper-lockfile": "^4.1.2",
        "@types/proxyquire": "^1.3.28",
        "@types/react": "^16.14.19",
        "@types/rimraf": "^3.0.0",
        "@types/semver": "^7.1.0",
        "@yarnpkg/fslib": "^2.4.0",
        "ava": "^3.15.0",
        "axios": "^0.21.1",
        "dprint": "^0.25.0",
        "expect": "^27.0.2",
        "get-stream": "^6.0.0",
        "lodash": "^4.17.15",
        "ntypescript": "^1.201507091536.1",
        "nyc": "^15.0.1",
        "outdent": "^0.8.0",
        "proper-lockfile": "^4.1.2",
        "proxyquire": "^2.0.0",
        "react": "^16.14.0",
        "rimraf": "^3.0.0",
        "semver": "^7.1.3",
        "throat": "^6.0.1",
        "typedoc": "^0.22.10",
        "typescript": "4.7.4",
        "typescript-json-schema": "^0.53.0",
        "util.promisify": "^1.0.1"
      },
      "peerDependencies": {
        "@swc/core": ">=1.2.50",
        "@swc/wasm": ">=1.2.50",
        "@types/node": "*",
        "typescript": ">=2.7"
      },
      "peerDependenciesMeta": {
        "@swc/core": {
          "optional": true
        },
        "@swc/wasm": {
          "optional": true
        }
      }
    },
    "../node_modules/.pnpm/typeorm@0.3.29_mysql2@3.22._40622ccd80d36f6895656d75f3e1dea1/node_modules/typeorm": {
      "version": "0.3.29",
      "license": "MIT",
      "dependencies": {
        "@sqltools/formatter": "^1.2.5",
        "ansis": "^4.2.0",
        "app-root-path": "^3.1.0",
        "buffer": "^6.0.3",
        "dayjs": "^1.11.20",
        "debug": "^4.4.3",
        "dedent": "^1.7.2",
        "dotenv": "^16.6.1",
        "glob": "^10.5.0",
        "reflect-metadata": "^0.2.2",
        "sha.js": "^2.4.12",
        "sql-highlight": "^6.1.0",
        "tslib": "^2.8.1",
        "uuid": "^11.1.1",
        "yargs": "^17.7.2"
      },
      "bin": {
        "typeorm": "cli.js",
        "typeorm-ts-node-commonjs": "cli-ts-node-commonjs.js",
        "typeorm-ts-node-esm": "cli-ts-node-esm.js"
      },
      "devDependencies": {
        "@eslint/js": "^9.39.4",
        "@google-cloud/spanner": "^8.7.1",
        "@sap/hana-client": "^2.28.20",
        "@tsconfig/node16": "^16.1.8",
        "@types/chai": "^4.3.20",
        "@types/chai-as-promised": "^7.1.8",
        "@types/debug": "^4.1.13",
        "@types/gulp": "^4.0.18",
        "@types/gulp-rename": "^2.0.7",
        "@types/gulp-sourcemaps": "^0.0.38",
        "@types/mocha": "^10.0.10",
        "@types/node": "^16.18.126",
        "@types/sha.js": "^2.4.4",
        "@types/sinon": "^10.0.20",
        "@types/sinon-chai": "^3.2.12",
        "@types/source-map-support": "^0.5.10",
        "@types/yargs": "^17.0.35",
        "better-sqlite3": "^8.7.0",
        "c8": "^10.1.3",
        "chai": "^4.5.0",
        "chai-as-promised": "^7.1.2",
        "class-transformer": "^0.5.1",
        "eslint": "^9.39.4",
        "eslint-plugin-chai-friendly": "^1.2.0",
        "eslint-plugin-jsdoc": "^62.9.0",
        "globals": "^17.6.0",
        "gulp": "^4.0.2",
        "gulp-rename": "^2.1.0",
        "gulp-replace": "^1.1.4",
        "gulp-shell": "^0.8.0",
        "gulp-sourcemaps": "^3.0.0",
        "gulp-typescript": "6.0.0-alpha.1",
        "gulpclass": "^0.2.0",
        "husky": "^9.1.7",
        "is-ci": "^4.1.0",
        "lint-staged": "^16.4.0",
        "mocha": "^11.7.5",
        "mongodb": "^6.21.0",
        "mssql": "^12.5.2",
        "mysql": "^2.18.1",
        "mysql2": "^3.22.3",
        "oracledb": "^6.10.0",
        "pg": "^8.20.0",
        "pg-query-stream": "^4.14.0",
        "pkg-pr-new": "^0.0.71",
        "prettier": "^2.8.8",
        "redis": "^5.12.1",
        "rimraf": "^5.0.10",
        "sinon": "^16.1.3",
        "sinon-chai": "^3.7.0",
        "sort-package-json": "^2.15.1",
        "source-map-support": "^0.5.21",
        "sql.js": "^1.14.1",
        "sqlite3": "^5.1.7",
        "standard-changelog": "^7.0.1",
        "ts-node": "^10.9.2",
        "typescript": "^5.9.3",
        "typescript-eslint": "^8.59.2"
      },
      "engines": {
        "node": ">=16.13.0"
      },
      "funding": {
        "url": "https://opencollective.com/typeorm"
      },
      "peerDependencies": {
        "@google-cloud/spanner": "^5.18.0 || ^6.0.0 || ^7.0.0 || ^8.0.0",
        "@sap/hana-client": "^2.14.22",
        "better-sqlite3": "^8.0.0 || ^9.0.0 || ^10.0.0 || ^11.0.0 || ^12.0.0",
        "ioredis": "^5.0.4",
        "mongodb": "^5.8.0 || ^6.0.0",
        "mssql": "^9.1.1 || ^10.0.0 || ^11.0.0 || ^12.0.0",
        "mysql2": "^2.2.5 || ^3.0.1",
        "oracledb": "^6.3.0",
        "pg": "^8.5.1",
        "pg-native": "^3.0.0",
        "pg-query-stream": "^4.0.0",
        "redis": "^3.1.1 || ^4.0.0 || ^5.0.14",
        "sql.js": "^1.4.0",
        "sqlite3": "^5.0.3",
        "ts-node": "^10.7.0",
        "typeorm-aurora-data-api-driver": "^2.0.0 || ^3.0.0"
      },
      "peerDependenciesMeta": {
        "@google-cloud/spanner": {
          "optional": true
        },
        "@sap/hana-client": {
          "optional": true
        },
        "better-sqlite3": {
          "optional": true
        },
        "ioredis": {
          "optional": true
        },
        "mongodb": {
          "optional": true
        },
        "mssql": {
          "optional": true
        },
        "mysql2": {
          "optional": true
        },
        "oracledb": {
          "optional": true
        },
        "pg": {
          "optional": true
        },
        "pg-native": {
          "optional": true
        },
        "pg-query-stream": {
          "optional": true
        },
        "redis": {
          "optional": true
        },
        "sql.js": {
          "optional": true
        },
        "sqlite3": {
          "optional": true
        },
        "ts-node": {
          "optional": true
        },
        "typeorm-aurora-data-api-driver": {
          "optional": true
        }
      }
    },
    "../node_modules/.pnpm/typescript@5.9.3/node_modules/typescript": {
      "version": "5.9.3",
      "dev": true,
      "license": "Apache-2.0",
      "bin": {
        "tsc": "bin/tsc",
        "tsserver": "bin/tsserver"
      },
      "devDependencies": {
        "@dprint/formatter": "^0.4.1",
        "@dprint/typescript": "0.93.4",
        "@esfx/canceltoken": "^1.0.0",
        "@eslint/js": "^9.20.0",
        "@octokit/rest": "^21.1.1",
        "@types/chai": "^4.3.20",
        "@types/diff": "^7.0.1",
        "@types/minimist": "^1.2.5",
        "@types/mocha": "^10.0.10",
        "@types/ms": "^0.7.34",
        "@types/node": "latest",
        "@types/source-map-support": "^0.5.10",
        "@types/which": "^3.0.4",
        "@typescript-eslint/rule-tester": "^8.24.1",
        "@typescript-eslint/type-utils": "^8.24.1",
        "@typescript-eslint/utils": "^8.24.1",
        "azure-devops-node-api": "^14.1.0",
        "c8": "^10.1.3",
        "chai": "^4.5.0",
        "chokidar": "^4.0.3",
        "diff": "^7.0.0",
        "dprint": "^0.49.0",
        "esbuild": "^0.25.0",
        "eslint": "^9.20.1",
        "eslint-formatter-autolinkable-stylish": "^1.4.0",
        "eslint-plugin-regexp": "^2.7.0",
        "fast-xml-parser": "^4.5.2",
        "glob": "^10.4.5",
        "globals": "^15.15.0",
        "hereby": "^1.10.0",
        "jsonc-parser": "^3.3.1",
        "knip": "^5.44.4",
        "minimist": "^1.2.8",
        "mocha": "^10.8.2",
        "mocha-fivemat-progress-reporter": "^0.1.0",
        "monocart-coverage-reports": "^2.12.1",
        "ms": "^2.1.3",
        "picocolors": "^1.1.1",
        "playwright": "^1.50.1",
        "source-map-support": "^0.5.21",
        "tslib": "^2.8.1",
        "typescript": "^5.7.3",
        "typescript-eslint": "^8.24.1",
        "which": "^3.0.1"
      },
      "engines": {
        "node": ">=14.17"
      }
    },
    "../node_modules/.pnpm/xlsx@0.18.5/node_modules/xlsx": {
      "version": "0.18.5",
      "license": "Apache-2.0",
      "dependencies": {
        "adler-32": "~1.3.0",
        "cfb": "~1.2.1",
        "codepage": "~1.15.0",
        "crc-32": "~1.2.1",
        "ssf": "~0.11.2",
        "wmf": "~1.0.1",
        "word": "~0.3.0"
      },
      "bin": {
        "xlsx": "bin/xlsx.njs"
      },
      "devDependencies": {
        "@sheetjs/uglify-js": "~2.7.3",
        "@types/node": "^8.5.9",
        "acorn": "7.4.1",
        "alex": "8.1.1",
        "blanket": "~1.2.3",
        "commander": "~2.17.1",
        "dtslint": "^0.1.2",
        "eslint": "7.23.0",
        "eslint-plugin-html": "^6.1.2",
        "eslint-plugin-json": "^2.1.2",
        "exit-on-epipe": "~1.0.1",
        "fflate": "^0.7.1",
        "jsdom": "~11.1.0",
        "markdown-spellcheck": "^1.3.1",
        "mocha": "~2.5.3",
        "sinon": "^1.17.7",
        "typescript": "2.2.0"
      },
      "engines": {
        "node": ">=0.8"
      }
    },
    "node_modules/@nestjs/cli": {
      "resolved": "../node_modules/.pnpm/@nestjs+cli@10.4.9/node_modules/@nestjs/cli",
      "link": true
    },
    "node_modules/@nestjs/common": {
      "resolved": "../node_modules/.pnpm/@nestjs+common@10.4.22_clas_c8872b1a5dce14d4b2b176f4857d0d0c/node_modules/@nestjs/common",
      "link": true
    },
    "node_modules/@nestjs/config": {
      "version": "4.0.4",
      "resolved": "https://registry.npmjs.org/@nestjs/config/-/config-4.0.4.tgz",
      "integrity": "sha512-CJPjNitr0bAufSEnRe2N+JbnVmMmDoo6hvKCPzXgZoGwJSmp/dZPk9f/RMbuD/+Q1ZJPjwsRpq0vxna++Knwow==",
      "license": "MIT",
      "dependencies": {
        "dotenv": "17.4.1",
        "dotenv-expand": "12.0.3",
        "lodash": "4.18.1"
      },
      "peerDependencies": {
        "@nestjs/common": "^10.0.0 || ^11.0.0",
        "rxjs": "^7.1.0"
      }
    },
    "node_modules/@nestjs/core": {
      "resolved": "../node_modules/.pnpm/@nestjs+core@10.4.22_@nestj_558ae3c7cf983d845eb445c3b6d17e96/node_modules/@nestjs/core",
      "link": true
    },
    "node_modules/@nestjs/jwt": {
      "resolved": "../node_modules/.pnpm/@nestjs+jwt@10.2.0_@nestjs+_8abe00d1b56ede2146ba602481db9f87/node_modules/@nestjs/jwt",
      "link": true
    },
    "node_modules/@nestjs/mapped-types": {
      "version": "2.1.1",
      "resolved": "https://registry.npmjs.org/@nestjs/mapped-types/-/mapped-types-2.1.1.tgz",
      "integrity": "sha512-SCCoMEJ6jdeI5h/N+KCVF1+pmg/hmEkNA5nHTS8Gvww7T/LCl4o1gFLinw2iQ60w7slFkszHcGLKGdazVI4F8A==",
      "license": "MIT",
      "peerDependencies": {
        "@nestjs/common": "^10.0.0 || ^11.0.0",
        "class-transformer": "^0.4.0 || ^0.5.0",
        "class-validator": "^0.13.0 || ^0.14.0 || ^0.15.0",
        "reflect-metadata": "^0.1.12 || ^0.2.0"
      },
      "peerDependenciesMeta": {
        "class-transformer": {
          "optional": true
        },
        "class-validator": {
          "optional": true
        }
      }
    },
    "node_modules/@nestjs/passport": {
      "resolved": "../node_modules/.pnpm/@nestjs+passport@10.0.3_@ne_065c9ed2201c8c1f9dc8ddcfbf04f6d1/node_modules/@nestjs/passport",
      "link": true
    },
    "node_modules/@nestjs/platform-express": {
      "resolved": "../node_modules/.pnpm/@nestjs+platform-express@10_795a7c87fa3e5cd6ba081ef20e3755d8/node_modules/@nestjs/platform-express",
      "link": true
    },
    "node_modules/@nestjs/schematics": {
      "resolved": "../node_modules/.pnpm/@nestjs+schematics@10.2.3_chokidar@3.6.0_typescript@5.9.3/node_modules/@nestjs/schematics",
      "link": true
    },
    "node_modules/@nestjs/typeorm": {
      "resolved": "../node_modules/.pnpm/@nestjs+typeorm@10.0.2_@nes_23150bd345b4b164db573af8e072c796/node_modules/@nestjs/typeorm",
      "link": true
    },
    "node_modules/@types/bcryptjs": {
      "resolved": "../node_modules/.pnpm/@types+bcryptjs@2.4.6/node_modules/@types/bcryptjs",
      "link": true
    },
    "node_modules/@types/express": {
      "resolved": "../node_modules/.pnpm/@types+express@4.17.25/node_modules/@types/express",
      "link": true
    },
    "node_modules/@types/multer": {
      "resolved": "../node_modules/.pnpm/@types+multer@2.1.0/node_modules/@types/multer",
      "link": true
    },
    "node_modules/@types/node": {
      "resolved": "../node_modules/.pnpm/@types+node@20.19.40/node_modules/@types/node",
      "link": true
    },
    "node_modules/@types/passport-jwt": {
      "resolved": "../node_modules/.pnpm/@types+passport-jwt@4.0.1/node_modules/@types/passport-jwt",
      "link": true
    },
    "node_modules/bcryptjs": {
      "resolved": "../node_modules/.pnpm/bcryptjs@2.4.3/node_modules/bcryptjs",
      "link": true
    },
    "node_modules/class-transformer": {
      "resolved": "../node_modules/.pnpm/class-transformer@0.5.1/node_modules/class-transformer",
      "link": true
    },
    "node_modules/class-validator": {
      "resolved": "../node_modules/.pnpm/class-validator@0.14.4/node_modules/class-validator",
      "link": true
    },
    "node_modules/dotenv": {
      "version": "17.4.1",
      "resolved": "https://registry.npmjs.org/dotenv/-/dotenv-17.4.1.tgz",
      "integrity": "sha512-k8DaKGP6r1G30Lx8V4+pCsLzKr8vLmV2paqEj1Y55GdAgJuIqpRp5FfajGF8KtwMxCz9qJc6wUIJnm053d/WCw==",
      "license": "BSD-2-Clause",
      "engines": {
        "node": ">=12"
      },
      "funding": {
        "url": "https://dotenvx.com"
      }
    },
    "node_modules/dotenv-expand": {
      "version": "12.0.3",
      "resolved": "https://registry.npmjs.org/dotenv-expand/-/dotenv-expand-12.0.3.tgz",
      "integrity": "sha512-uc47g4b+4k/M/SeaW1y4OApx+mtLWl92l5LMPP0GNXctZqELk+YGgOPIIC5elYmUH4OuoK3JLhuRUYegeySiFA==",
      "license": "BSD-2-Clause",
      "dependencies": {
        "dotenv": "^16.4.5"
      },
      "engines": {
        "node": ">=12"
      },
      "funding": {
        "url": "https://dotenvx.com"
      }
    },
    "node_modules/dotenv-expand/node_modules/dotenv": {
      "version": "16.6.1",
      "resolved": "https://registry.npmjs.org/dotenv/-/dotenv-16.6.1.tgz",
      "integrity": "sha512-uBq4egWHTcTt33a72vpSG0z3HnPuIl6NqYcTrKEg2azoEyl2hpW0zqlxysq2pK9HlDIHyHyakeYaYnSAwd8bow==",
      "license": "BSD-2-Clause",
      "engines": {
        "node": ">=12"
      },
      "funding": {
        "url": "https://dotenvx.com"
      }
    },
    "node_modules/lodash": {
      "version": "4.18.1",
      "resolved": "https://registry.npmjs.org/lodash/-/lodash-4.18.1.tgz",
      "integrity": "sha512-dMInicTPVE8d1e5otfwmmjlxkZoUpiVLwyeTdUsi/Caj/gfzzblBcCE5sRHV/AsjuCmxWrte2TNGSYuCeCq+0Q==",
      "license": "MIT"
    },
    "node_modules/mysql2": {
      "resolved": "../node_modules/.pnpm/mysql2@3.22.3_@types+node@20.19.40/node_modules/mysql2",
      "link": true
    },
    "node_modules/passport": {
      "resolved": "../node_modules/.pnpm/passport@0.7.0/node_modules/passport",
      "link": true
    },
    "node_modules/passport-jwt": {
      "resolved": "../node_modules/.pnpm/passport-jwt@4.0.1/node_modules/passport-jwt",
      "link": true
    },
    "node_modules/reflect-metadata": {
      "resolved": "../node_modules/.pnpm/reflect-metadata@0.2.2/node_modules/reflect-metadata",
      "link": true
    },
    "node_modules/rxjs": {
      "resolved": "../node_modules/.pnpm/rxjs@7.8.2/node_modules/rxjs",
      "link": true
    },
    "node_modules/ts-node": {
      "resolved": "../node_modules/.pnpm/ts-node@10.9.2_@types+node@20.19.40_typescript@5.9.3/node_modules/ts-node",
      "link": true
    },
    "node_modules/typeorm": {
      "resolved": "../node_modules/.pnpm/typeorm@0.3.29_mysql2@3.22._40622ccd80d36f6895656d75f3e1dea1/node_modules/typeorm",
      "link": true
    },
    "node_modules/typescript": {
      "resolved": "../node_modules/.pnpm/typescript@5.9.3/node_modules/typescript",
      "link": true
    },
    "node_modules/xlsx": {
      "resolved": "../node_modules/.pnpm/xlsx@0.18.5/node_modules/xlsx",
      "link": true
    }
  }
}
